// !$*UTF8*$!
{
	archiveVersion = 1;
	classes = {
	};
	objectVersion = 50;
	objects = {

/* Begin PBXBuildFile section */
		6E5D81152305F5B000EA771C /* AppDelegate.swift in Sources */ = {isa = PBXBuildFile; fileRef = 6E5D81142305F5B000EA771C /* AppDelegate.swift */; };
		6E5D811C2305F5B100EA771C /* Assets.xcassets in Resources */ = {isa = PBXBuildFile; fileRef = 6E5D811B2305F5B100EA771C /* Assets.xcassets */; };
		6E5D811F2305F5B100EA771C /* LaunchScreen.storyboard in Resources */ = {isa = PBXBuildFile; fileRef = 6E5D811D2305F5B100EA771C /* LaunchScreen.storyboard */; };
		6E5D812A2305F5B100EA771C /* iOS_CalculatorTests.swift in Sources */ = {isa = PBXBuildFile; fileRef = 6E5D81292305F5B100EA771C /* iOS_CalculatorTests.swift */; };
		6E5D8140230600C500EA771C /* HomeViewController.swift in Sources */ = {isa = PBXBuildFile; fileRef = 6E5D813E230600C500EA771C /* HomeViewController.swift */; };
		6E5D8141230600C500EA771C /* HomeViewController.xib in Resources */ = {isa = PBXBuildFile; fileRef = 6E5D813F230600C500EA771C /* HomeViewController.xib */; };
		6EB0E34C230617E9001CE440 /* UIButtonExtension.swift in Sources */ = {isa = PBXBuildFile; fileRef = 6EB0E34B230617E9001CE440 /* UIButtonExtension.swift */; };
/* End PBXBuildFile section */

/* Begin PBXContainerItemProxy section */
		6E5D81262305F5B100EA771C /* PBXContainerItemProxy */ = {
			isa = PBXContainerItemProxy;
			containerPortal = 6E5D81092305F5B000EA771C /* Project object */;
			proxyType = 1;
			remoteGlobalIDString = 6E5D81102305F5B000EA771C;
			remoteInfo = "iOS-Calculator";
		};
/* End PBXContainerItemProxy section */

/* Begin PBXFileReference section */
		6E5D81112305F5B000EA771C /* iOS-Calculator.app */ = {isa = PBXFileReference; explicitFileType = wrapper.application; includeInIndex = 0; path = "iOS-Calculator.app"; sourceTree = BUILT_PRODUCTS_DIR; };
		6E5D81142305F5B000EA771C /* AppDelegate.swift */ = {isa = PBXFileReference; lastKnownFileType = sourcecode.swift; path = AppDelegate.swift; sourceTree = "<group>"; };
		6E5D811B2305F5B100EA771C /* Assets.xcassets */ = {isa = PBXFileReference; lastKnownFileType = folder.assetcatalog; path = Assets.xcassets; sourceTree = "<group>"; };
		6E5D811E2305F5B100EA771C /* Base */ = {isa = PBXFileReference; lastKnownFileType = file.storyboard; name = Base; path = Base.lproj/LaunchScreen.storyboard; sourceTree = "<group>"; };
		6E5D81202305F5B100EA771C /* Info.plist */ = {isa = PBXFileReference; lastKnownFileType = text.plist.xml; path = Info.plist; sourceTree = "<group>"; };
		6E5D81252305F5B100EA771C /* iOS-CalculatorTests.xctest */ = {isa = PBXFileReference; explicitFileType = wrapper.cfbundle; includeInIndex = 0; path = "iOS-CalculatorTests.xctest"; sourceTree = BUILT_PRODUCTS_DIR; };
		6E5D81292305F5B100EA771C /* iOS_CalculatorTests.swift */ = {isa = PBXFileReference; lastKnownFileType = sourcecode.swift; path = iOS_CalculatorTests.swift; sourceTree = "<group>"; };
		6E5D812B2305F5B100EA771C /* Info.plist */ = {isa = PBXFileReference; lastKnownFileType = text.plist.xml; path = Info.plist; sourceTree = "<group>"; };
		6E5D813E230600C500EA771C /* HomeViewController.swift */ = {isa = PBXFileReference; lastKnownFileType = sourcecode.swift; path = HomeViewController.swift; sourceTree = "<group>"; };
		6E5D813F230600C500EA771C /* HomeViewController.xib */ = {isa = PBXFileReference; lastKnownFileType = file.xib; path = HomeViewController.xib; sourceTree = "<group>"; };
		6EB0E34B230617E9001CE440 /* UIButtonExtension.swift */ = {isa = PBXFileReference; lastKnownFileType = sourcecode.swift; name = UIButtonExtension.swift; path = "iOS-Calculator/View/Home/UIButtonExtension.swift"; sourceTree = SOURCE_ROOT; };
/* End PBXFileReference section */

/* Begin PBXFrameworksBuildPhase section */
		6E5D810E2305F5B000EA771C /* Frameworks */ = {
			isa = PBXFrameworksBuildPhase;
			buildActionMask = 2147483647;
			files = (
			);
			runOnlyForDeploymentPostprocessing = 0;
		};
		6E5D81222305F5B100EA771C /* Frameworks */ = {
			isa = PBXFrameworksBuildPhase;
			buildActionMask = 2147483647;
			files = (
			);
			runOnlyForDeploymentPostprocessing = 0;
		};
/* End PBXFrameworksBuildPhase section */

/* Begin PBXGroup section */
		6E5D81082305F5B000EA771C = {
			isa = PBXGroup;
			children = (
				6E5D81132305F5B000EA771C /* iOS-Calculator */,
				6E5D81282305F5B100EA771C /* iOS-CalculatorTests */,
				6E5D81122305F5B000EA771C /* Products */,
			);
			sourceTree = "<group>";
		};
		6E5D81122305F5B000EA771C /* Products */ = {
			isa = PBXGroup;
			children = (
				6E5D81112305F5B000EA771C /* iOS-Calculator.app */,
				6E5D81252305F5B100EA771C /* iOS-CalculatorTests.xctest */,
			);
			name = Products;
			sourceTree = "<group>";
		};
		6E5D81132305F5B000EA771C /* iOS-Calculator */ = {
			isa = PBXGroup;
			children = (
				6E5D81142305F5B000EA771C /* AppDelegate.swift */,
				6E5D81372305FC4D00EA771C /* View */,
				6E5D81362305FC4500EA771C /* Controller */,
				6E5D81352305FC3C00EA771C /* Model */,
				6E5D81382305FC6800EA771C /* Util */,
				6E5D81392305FC7A00EA771C /* Supporting Files */,
				6E5D811B2305F5B100EA771C /* Assets.xcassets */,
			);
			path = "iOS-Calculator";
			sourceTree = "<group>";
		};
		6E5D81282305F5B100EA771C /* iOS-CalculatorTests */ = {
			isa = PBXGroup;
			children = (
				6E5D81292305F5B100EA771C /* iOS_CalculatorTests.swift */,
				6E5D812B2305F5B100EA771C /* Info.plist */,
			);
			path = "iOS-CalculatorTests";
			sourceTree = "<group>";
		};
		6E5D81352305FC3C00EA771C /* Model */ = {
			isa = PBXGroup;
			children = (
			);
			path = Model;
			sourceTree = "<group>";
		};
		6E5D81362305FC4500EA771C /* Controller */ = {
			isa = PBXGroup;
			children = (
				6E5D813D2306009200EA771C /* Home */,
			);
			path = Controller;
			sourceTree = "<group>";
		};
		6E5D81372305FC4D00EA771C /* View */ = {
			isa = PBXGroup;
			children = (
				6E5D813A2305FCB800EA771C /* Launch */,
				6E5D813C2306008A00EA771C /* Home */,
			);
			path = View;
			sourceTree = "<group>";
		};
		6E5D81382305FC6800EA771C /* Util */ = {
			isa = PBXGroup;
			children = (
				6EB0E34B230617E9001CE440 /* UIButtonExtension.swift */,
			);
			path = Util;
			sourceTree = "<group>";
		};
		6E5D81392305FC7A00EA771C /* Supporting Files */ = {
			isa = PBXGroup;
			children = (
				6E5D81202305F5B100EA771C /* Info.plist */,
			);
			path = "Supporting Files";
			sourceTree = "<group>";
		};
		6E5D813A2305FCB800EA771C /* Launch */ = {
			isa = PBXGroup;
			children = (
				6E5D811D2305F5B100EA771C /* LaunchScreen.storyboard */,
			);
			path = Launch;
			sourceTree = "<group>";
		};
		6E5D813C2306008A00EA771C /* Home */ = {
			isa = PBXGroup;
			children = (
				6E5D813F230600C500EA771C /* HomeViewController.xib */,
			);
			path = Home;
			sourceTree = "<group>";
		};
		6E5D813D2306009200EA771C /* Home */ = {
			isa = PBXGroup;
			children = (
				6E5D813E230600C500EA771C /* HomeViewController.swift */,
			);
			path = Home;
			sourceTree = "<group>";
		};
/* End PBXGroup section */

/* Begin PBXNativeTarget section */
		6E5D81102305F5B000EA771C /* iOS-Calculator */ = {
			isa = PBXNativeTarget;
			buildConfigurationList = 6E5D812E2305F5B100EA771C /* Build configuration list for PBXNativeTarget "iOS-Calculator" */;
			buildPhases = (
				6E5D810D2305F5B000EA771C /* Sources */,
				6E5D810E2305F5B000EA771C /* Frameworks */,
				6E5D810F2305F5B000EA771C /* Resources */,
			);
			buildRules = (
			);
			dependencies = (
			);
			name = "iOS-Calculator";
			productName = "iOS-Calculator";
			productReference = 6E5D81112305F5B000EA771C /* iOS-Calculator.app */;
			productType = "com.apple.product-type.application";
		};
		6E5D81242305F5B100EA771C /* iOS-CalculatorTests */ = {
			isa = PBXNativeTarget;
			buildConfigurationList = 6E5D81312305F5B100EA771C /* Build configuration list for PBXNativeTarget "iOS-CalculatorTests" */;
			buildPhases = (
				6E5D81212305F5B100EA771C /* Sources */,
				6E5D81222305F5B100EA771C /* Frameworks */,
				6E5D81232305F5B100EA771C /* Resources */,
			);
			buildRules = (
			);
			dependencies = (
				6E5D81272305F5B100EA771C /* PBXTargetDependency */,
			);
			name = "iOS-CalculatorTests";
			productName = "iOS-CalculatorTests";
			productReference = 6E5D81252305F5B100EA771C /* iOS-CalculatorTests.xctest */;
			productType = "com.apple.product-type.bundle.unit-test";
		};
/* End PBXNativeTarget section */

/* Begin PBXProject section */
		6E5D81092305F5B000EA771C /* Project object */ = {
			isa = PBXProject;
			attributes = {
				LastSwiftUpdateCheck = 1030;
				LastUpgradeCheck = 1030;
				ORGANIZATIONNAME = "José Sánchez Rodríguez";
				TargetAttributes = {
					6E5D81102305F5B000EA771C = {
						CreatedOnToolsVersion = 10.3;
					};
					6E5D81242305F5B100EA771C = {
						CreatedOnToolsVersion = 10.3;
						TestTargetID = 6E5D81102305F5B000EA771C;
					};
				};
			};
			buildConfigurationList = 6E5D810C2305F5B000EA771C /* Build configuration list for PBXProject "iOS-Calculator" */;
			compatibilityVersion = "Xcode 9.3";
			developmentRegion = en;
			hasScannedForEncodings = 0;
			knownRegions = (
				en,
				Base,
			);
			mainGroup = 6E5D81082305F5B000EA771C;
			productRefGroup = 6E5D81122305F5B000EA771C /* Products */;
			projectDirPath = "";
			projectRoot = "";
			targets = (
				6E5D81102305F5B000EA771C /* iOS-Calculator */,
				6E5D81242305F5B100EA771C /* iOS-CalculatorTests */,
			);
		};
/* End PBXProject section */

/* Begin PBXResourcesBuildPhase section */
		6E5D810F2305F5B000EA771C /* Resources */ = {
			isa = PBXResourcesBuildPhase;
			buildActionMask = 2147483647;
			files = (
				6E5D811F2305F5B100EA771C /* LaunchScreen.storyboard in Resources */,
				6E5D811C2305F5B100EA771C /* Assets.xcassets in Resources */,
				6E5D8141230600C500EA771C /* HomeViewController.xib in Resources */,
			);
			runOnlyForDeploymentPostprocessing = 0;
		};
		6E5D81232305F5B100EA771C /* Resources */ = {
			isa = PBXResourcesBuildPhase;
			buildActionMask = 2147483647;
			files = (
			);
			runOnlyForDeploymentPostprocessing = 0;
		};
/* End PBXResourcesBuildPhase section */

/* Begin PBXSourcesBuildPhase section */
		6E5D810D2305F5B000EA771C /* Sources */ = {
			isa = PBXSourcesBuildPhase;
			buildActionMask = 2147483647;
			files = (
				6E5D81152305F5B000EA771C /* AppDelegate.swift in Sources */,
				6E5D8140230600C500EA771C /* HomeViewController.swift in Sources */,
				6EB0E34C230617E9001CE440 /* UIButtonExtension.swift in Sources */,
			);
			runOnlyForDeploymentPostprocessing = 0;
		};
		6E5D81212305F5B100EA771C /* Sources */ = {
			isa = PBXSourcesBuildPhase;
			buildActionMask = 2147483647;
			files = (
				6E5D812A2305F5B100EA771C /* iOS_CalculatorTests.swift in Sources */,
			);
			runOnlyForDeploymentPostprocessing = 0;
		};
/* End PBXSourcesBuildPhase section */

/* Begin PBXTargetDependency section */
		6E5D81272305F5B100EA771C /* PBXTargetDependency */ = {
			isa = PBXTargetDependency;
			target = 6E5D81102305F5B000EA771C /* iOS-Calculator */;
			targetProxy = 6E5D81262305F5B100EA771C /* PBXContainerItemProxy */;
		};
/* End PBXTargetDependency section */

/* Begin PBXVariantGroup section */
		6E5D811D2305F5B100EA771C /* LaunchScreen.storyboard */ = {
			isa = PBXVariantGroup;
			children = (
				6E5D811E2305F5B100EA771C /* Base */,
			);
			name = LaunchScreen.storyboard;
			sourceTree = "<group>";
		};
/* End PBXVariantGroup section */

/* Begin XCBuildConfiguration section */
		6E5D812C2305F5B100EA771C /* Debug */ = {
			isa = XCBuildConfiguration;
			buildSettings = {
				ALWAYS_SEARCH_USER_PATHS = NO;
				CLANG_ANALYZER_NONNULL = YES;
				CLANG_ANALYZER_NUMBER_OBJECT_CONVERSION = YES_AGGRESSIVE;
				CLANG_CXX_LANGUAGE_STANDARD = "gnu++14";
				CLANG_CXX_LIBRARY = "libc++";
				CLANG_ENABLE_MODULES = YES;
				CLANG_ENABLE_OBJC_ARC = YES;
				CLANG_ENABLE_OBJC_WEAK = YES;
				CLANG_WARN_BLOCK_CAPTURE_AUTORELEASING = YES;
				CLANG_WARN_BOOL_CONVERSION = YES;
				CLANG_WARN_COMMA = YES;
				CLANG_WARN_CONSTANT_CONVERSION = YES;
				CLANG_WARN_DEPRECATED_OBJC_IMPLEMENTATIONS = YES;
				CLANG_WARN_DIRECT_OBJC_ISA_USAGE = YES_ERROR;
				CLANG_WARN_DOCUMENTATION_COMMENTS = YES;
				CLANG_WARN_EMPTY_BODY = YES;
				CLANG_WARN_ENUM_CONVERSION = YES;
				CLANG_WARN_INFINITE_RECURSION = YES;
				CLANG_WARN_INT_CONVERSION = YES;
				CLANG_WARN_NON_LITERAL_NULL_CONVERSION = YES;
				CLANG_WARN_OBJC_IMPLICIT_RETAIN_SELF = YES;
				CLANG_WARN_OBJC_LITERAL_CONVERSION = YES;
				CLANG_WARN_OBJC_ROOT_CLASS = YES_ERROR;
				CLANG_WARN_RANGE_LOOP_ANALYSIS = YES;
				CLANG_WARN_STRICT_PROTOTYPES = YES;
				CLANG_WARN_SUSPICIOUS_MOVE = YES;
				CLANG_WARN_UNGUARDED_AVAILABILITY = YES_AGGRESSIVE;
				CLANG_WARN_UNREACHABLE_CODE = YES;
				CLANG_WARN__DUPLICATE_METHOD_MATCH = YES;
				CODE_SIGN_IDENTITY = "iPhone Developer";
				COPY_PHASE_STRIP = NO;
				DEBUG_INFORMATION_FORMAT = dwarf;
				ENABLE_STRICT_OBJC_MSGSEND = YES;
				ENABLE_TESTABILITY = YES;
				GCC_C_LANGUAGE_STANDARD = gnu11;
				GCC_DYNAMIC_NO_PIC = NO;
				GCC_NO_COMMON_BLOCKS = YES;
				GCC_OPTIMIZATION_LEVEL = 0;
				GCC_PREPROCESSOR_DEFINITIONS = (
					"DEBUG=1",
					"$(inherited)",
				);
				GCC_WARN_64_TO_32_BIT_CONVERSION = YES;
				GCC_WARN_ABOUT_RETURN_TYPE = YES_ERROR;
				GCC_WARN_UNDECLARED_SELECTOR = YES;
				GCC_WARN_UNINITIALIZED_AUTOS = YES_AGGRESSIVE;
				GCC_WARN_UNUSED_FUNCTION = YES;
				GCC_WARN_UNUSED_VARIABLE = YES;
				IPHONEOS_DEPLOYMENT_TARGET = 12.4;
				MTL_ENABLE_DEBUG_INFO = INCLUDE_SOURCE;
				MTL_FAST_MATH = YES;
				ONLY_ACTIVE_ARCH = YES;
				SDKROOT = iphoneos;
				SWIFT_ACTIVE_COMPILATION_CONDITIONS = DEBUG;
				SWIFT_OPTIMIZATION_LEVEL = "-Onone";
			};
			name = Debug;
		};
		6E5D812D2305F5B100EA771C /* Release */ = {
			isa = XCBuildConfiguration;
			buildSettings = {
				ALWAYS_SEARCH_USER_PATHS = NO;
				CLANG_ANALYZER_NONNULL = YES;
				CLANG_ANALYZER_NUMBER_OBJECT_CONVERSION = YES_AGGRESSIVE;
				CLANG_CXX_LANGUAGE_STANDARD = "gnu++14";
				CLANG_CXX_LIBRARY = "libc++";
				CLANG_ENABLE_MODULES = YES;
				CLANG_ENABLE_OBJC_ARC = YES;
				CLANG_ENABLE_OBJC_WEAK = YES;
				CLANG_WARN_BLOCK_CAPTURE_AUTORELEASING = YES;
				CLANG_WARN_BOOL_CONVERSION = YES;
				CLANG_WARN_COMMA = YES;
				CLANG_WARN_CONSTANT_CONVERSION = YES;
				CLANG_WARN_DEPRECATED_OBJC_IMPLEMENTATIONS = YES;
				CLANG_WARN_DIRECT_OBJC_ISA_USAGE = YES_ERROR;
				CLANG_WARN_DOCUMENTATION_COMMENTS = YES;
				CLANG_WARN_EMPTY_BODY = YES;
				CLANG_WARN_ENUM_CONVERSION = YES;
				CLANG_WARN_INFINITE_RECURSION = YES;
				CLANG_WARN_INT_CONVERSION = YES;
				CLANG_WARN_NON_LITERAL_NULL_CONVERSION = YES;
				CLANG_WARN_OBJC_IMPLICIT_RETAIN_SELF = YES;
				CLANG_WARN_OBJC_LITERAL_CONVERSION = YES;
				CLANG_WARN_OBJC_ROOT_CLASS = YES_ERROR;
				CLANG_WARN_RANGE_LOOP_ANALYSIS = YES;
				CLANG_WARN_STRICT_PROTOTYPES = YES;
				CLANG_WARN_SUSPICIOUS_MOVE = YES;
				CLANG_WARN_UNGUARDED_AVAILABILITY = YES_AGGRESSIVE;
				CLANG_WARN_UNREACHABLE_CODE = YES;
				CLANG_WARN__DUPLICATE_METHOD_MATCH = YES;
				CODE_SIGN_IDENTITY = "iPhone Developer";
				COPY_PHASE_STRIP = NO;
				DEBUG_INFORMATION_FORMAT = "dwarf-with-dsym";
				ENABLE_NS_ASSERTIONS = NO;
				ENABLE_STRICT_OBJC_MSGSEND = YES;
				GCC_C_LANGUAGE_STANDARD = gnu11;
				GCC_NO_COMMON_BLOCKS = YES;
				GCC_WARN_64_TO_32_BIT_CONVERSION = YES;
				GCC_WARN_ABOUT_RETURN_TYPE = YES_ERROR;
				GCC_WARN_UNDECLARED_SELECTOR = YES;
				GCC_WARN_UNINITIALIZED_AUTOS = YES_AGGRESSIVE;
				GCC_WARN_UNUSED_FUNCTION = YES;
				GCC_WARN_UNUSED_VARIABLE = YES;
				IPHONEOS_DEPLOYMENT_TARGET = 12.4;
				MTL_ENABLE_DEBUG_INFO = NO;
				MTL_FAST_MATH = YES;
				SDKROOT = iphoneos;
				SWIFT_COMPILATION_MODE = wholemodule;
				SWIFT_OPTIMIZATION_LEVEL = "-O";
				VALIDATE_PRODUCT = YES;
			};
			name = Release;
		};
		6E5D812F2305F5B100EA771C /* Debug */ = {
			isa = XCBuildConfiguration;
			buildSettings = {
				ASSETCATALOG_COMPILER_APPICON_NAME = AppIcon;
				CODE_SIGN_STYLE = Automatic;
				DEVELOPMENT_TEAM = KHHTWY4HT3;
				INFOPLIST_FILE = "$(SRCROOT)/iOS-Calculator/Supporting Files/Info.plist";
				IPHONEOS_DEPLOYMENT_TARGET = 10.0;
				LD_RUNPATH_SEARCH_PATHS = (
					"$(inherited)",
					"@executable_path/Frameworks",
				);
				PRODUCT_BUNDLE_IDENTIFIER = "josejacin.iOS-Calculator";
				PRODUCT_NAME = "$(TARGET_NAME)";
				SWIFT_VERSION = 5.0;
				TARGETED_DEVICE_FAMILY = "1,2";
			};
			name = Debug;
		};
		6E5D81302305F5B100EA771C /* Release */ = {
			isa = XCBuildConfiguration;
			buildSettings = {
				ASSETCATALOG_COMPILER_APPICON_NAME = AppIcon;
				CODE_SIGN_STYLE = Automatic;
				DEVELOPMENT_TEAM = KHHTWY4HT3;
				INFOPLIST_FILE = "$(SRCROOT)/iOS-Calculator/Supporting Files/Info.plist";
				IPHONEOS_DEPLOYMENT_TARGET = 10.0;
				LD_RUNPATH_SEARCH_PATHS = (
					"$(inherited)",
					"@executable_path/Frameworks",
				);
				PRODUCT_BUNDLE_IDENTIFIER = "josejacin.iOS-Calculator";
				PRODUCT_NAME = "$(TARGET_NAME)";
				SWIFT_VERSION = 5.0;
				TARGETED_DEVICE_FAMILY = "1,2";
			};
			name = Release;
		};
		6E5D81322305F5B100EA771C /* Debug */ = {
			isa = XCBuildConfiguration;
			buildSettings = {
				ALWAYS_EMBED_SWIFT_STANDARD_LIBRARIES = YES;
				BUNDLE_LOADER = "$(TEST_HOST)";
				CODE_SIGN_STYLE = Automatic;
				DEVELOPMENT_TEAM = KHHTWY4HT3;
				INFOPLIST_FILE = "iOS-CalculatorTests/Info.plist";
				LD_RUNPATH_SEARCH_PATHS = (
					"$(inherited)",
					"@executable_path/Frameworks",
					"@loader_path/Frameworks",
				);
				PRODUCT_BUNDLE_IDENTIFIER = "josejacin.iOS-CalculatorTests";
				PRODUCT_NAME = "$(TARGET_NAME)";
				SWIFT_VERSION = 5.0;
				TARGETED_DEVICE_FAMILY = "1,2";
				TEST_HOST = "$(BUILT_PRODUCTS_DIR)/iOS-Calculator.app/iOS-Calculator";
			};
			name = Debug;
		};
		6E5D81332305F5B100EA771C /* Release */ = {
			isa = XCBuildConfiguration;
			buildSettings = {
				ALWAYS_EMBED_SWIFT_STANDARD_LIBRARIES = YES;
				BUNDLE_LOADER = "$(TEST_HOST)";
				CODE_SIGN_STYLE = Automatic;
				DEVELOPMENT_TEAM = KHHTWY4HT3;
				INFOPLIST_FILE = "iOS-CalculatorTests/Info.plist";
				LD_RUNPATH_SEARCH_PATHS = (
					"$(inherited)",
					"@executable_path/Frameworks",
					"@loader_path/Frameworks",
				);
				PRODUCT_BUNDLE_IDENTIFIER = "josejacin.iOS-CalculatorTests";
				PRODUCT_NAME = "$(TARGET_NAME)";
				SWIFT_VERSION = 5.0;
				TARGETED_DEVICE_FAMILY = "1,2";
				TEST_HOST = "$(BUILT_PRODUCTS_DIR)/iOS-Calculator.app/iOS-Calculator";
			};
			name = Release;
		};
/* End XCBuildConfiguration section */

/* Begin XCConfigurationList section */
		6E5D810C2305F5B000EA771C /* Build configuration list for PBXProject "iOS-Calculator" */ = {
			isa = XCConfigurationList;
			buildConfigurations = (
				6E5D812C2305F5B100EA771C /* Debug */,
				6E5D812D2305F5B100EA771C /* Release */,
			);
			defaultConfigurationIsVisible = 0;
			defaultConfigurationName = Release;
		};
		6E5D812E2305F5B100EA771C /* Build configuration list for PBXNativeTarget "iOS-Calculator" */ = {
			isa = XCConfigurationList;
			buildConfigurations = (
				6E5D812F2305F5B100EA771C /* Debug */,
				6E5D81302305F5B100EA771C /* Release */,
			);
			defaultConfigurationIsVisible = 0;
			defaultConfigurationName = Release;
		};
		6E5D81312305F5B100EA771C /* Build configuration list for PBXNativeTarget "iOS-CalculatorTests" */ = {
			isa = XCConfigurationList;
			buildConfigurations = (
				6E5D81322305F5B100EA771C /* Debug */,
				6E5D81332305F5B100EA771C /* Release */,
			);
			defaultConfigurationIsVisible = 0;
			defaultConfigurationName = Release;
		};
/* End XCConfigurationList section */
	};
	rootObject = 6E5D81092305F5B000EA771C /* Project object */;
}
